github.com/gertd/go-pluralize v0.2.1 h1:M3uASbVjMnTsPb0PNqg+E/24Vwigyo/tvyMTtAlLgiA=
github.com/gertd/go-pluralize v0.2.1/go.mod h1:rbYaKDbsXxmRfr8uygAEKhOWsjyrrqrkHVpZvoOp8zk=
github.com/google/go-cmp v0.6.0 h1:ofyhxvXcZhMsU5ulbFiLKl/XBFqE1GSq7atu8tAmTRI=
github.com/google/go-cmp v0.6.0/go.mod h1:17dUlkBOakJ0+DkrSSNjCkIjxS6bF9zb3elmeNGIjoY=
github.com/iancoleman/strcase v0.3.0 h1:nTXanmYxhfFAMjZL34Ov6gkzEsSJZ5DbhxWjvSASxEI=
github.com/iancoleman/strcase v0.3.0/go.mod h1:iwCmte+B7n89clKwxIoIXy/HfoL7AsD47ZCWhYzw7ho=
github.com/shoenig/test v1.12.2 h1:ZVT8NeIUwGWpZcKaepPmFMoNQ3sVpxvqUh/MAqwFiJI=
github.com/shoenig/test v1.12.2/go.mod h1:UxJ6u/x2v/TNs/LoLxBNJRV9DiwBBKYxXSyczsBHFoI=
